
Microsoft Visual Studio Solution File, Format Version 12.00
# Visual Studio 15
VisualStudioVersion = 15.0.35213.121
MinimumVisualStudioVersion = 10.0.40219.1
Project("{FAE04EC0-301F-11D3-BF4B-00C04F79EFBC}") = "Mayin Tarlasi", "Mayin Tarlasi\Mayin Tarlasi.csproj", "{8DE3A099-1569-4584-87F6-C63A9EA242D4}"
EndProject
Global
	GlobalSection(SolutionConfigurationPlatforms) = preSolution
		Debug|Any CPU = Debug|Any CPU
		Release|Any CPU = Release|Any CPU
	EndGlobalSection
	GlobalSection(ProjectConfigurationPlatforms) = postSolution
		{8DE3A099-1569-4584-87F6-C63A9EA242D4}.Debug|Any CPU.ActiveCfg = Debug|Any CPU
		{8DE3A099-1569-4584-87F6-C63A9EA242D4}.Debug|Any CPU.Build.0 = Debug|Any CPU
		{8DE3A099-1569-4584-87F6-C63A9EA242D4}.Release|Any CPU.ActiveCfg = Release|Any CPU
		{8DE3A099-1569-4584-87F6-C63A9EA242D4}.Release|Any CPU.Build.0 = Release|Any CPU
	EndGlobalSection
	GlobalSection(SolutionProperties) = preSolution
		HideSolutionNode = FALSE
	EndGlobalSection
	GlobalSection(ExtensibilityGlobals) = postSolution
		SolutionGuid = {C3F6289C-E11E-42A9-8DF4-9C4FF52CC4FA}
	EndGlobalSection
EndGlobal
